
Microsoft Visual Studio Solution File, Format Version 12.00
# Visual Studio 15
VisualStudioVersion = 15.0.28010.2050
MinimumVisualStudioVersion = 10.0.40219.1
Project("{FAE04EC0-301F-11D3-BF4B-00C04F79EFBC}") = "PwnService", "PwnService\PwnService.csproj", "{01236C6A-5E85-4654-A3B1-0730FC466197}"
EndProject
Global
	GlobalSection(SolutionConfigurationPlatforms) = preSolution
		Debug|Any CPU = Debug|Any CPU
		Release|Any CPU = Release|Any CPU
	EndGlobalSection
	GlobalSection(ProjectConfigurationPlatforms) = postSolution
		{01236C6A-5E85-4654-A3B1-0730FC466197}.Debug|Any CPU.ActiveCfg = Debug|Any CPU
		{01236C6A-5E85-4654-A3B1-0730FC466197}.Debug|Any CPU.Build.0 = Debug|Any CPU
		{01236C6A-5E85-4654-A3B1-0730FC466197}.Release|Any CPU.ActiveCfg = Release|Any CPU
		{01236C6A-5E85-4654-A3B1-0730FC466197}.Release|Any CPU.Build.0 = Release|Any CPU
	EndGlobalSection
	GlobalSection(SolutionProperties) = preSolution
		HideSolutionNode = FALSE
	EndGlobalSection
	GlobalSection(ExtensibilityGlobals) = postSolution
		SolutionGuid = {A2ADB929-4FD1-4D56-AEC9-0F8249268F6F}
	EndGlobalSection
EndGlobal
